
Microsoft Visual Studio Solution File, Format Version 12.00
# Visual Studio Version 17
VisualStudioVersion = 17.4.33122.133
MinimumVisualStudioVersion = 10.0.40219.1
Project("{FAE04EC0-301F-11D3-BF4B-00C04F79EFBC}") = "WebApplicationFinal", "WebApplicationFinal\WebApplicationFinal.csproj", "{B5751EBB-15CD-48CD-B84C-0E7E59892CA3}"
EndProject
Project("{FAE04EC0-301F-11D3-BF4B-00C04F79EFBC}") = "WebApplicationFinal.Tests", "WebApplicationFinal.Tests\WebApplicationFinal.Tests.csproj", "{5C2CBC92-34B0-4EBE-B635-F5C6C236F22E}"
EndProject
Global
	GlobalSection(SolutionConfigurationPlatforms) = preSolution
		Debug|Any CPU = Debug|Any CPU
		Release|Any CPU = Release|Any CPU
	EndGlobalSection
	GlobalSection(ProjectConfigurationPlatforms) = postSolution
		{B5751EBB-15CD-48CD-B84C-0E7E59892CA3}.Debug|Any CPU.ActiveCfg = Debug|Any CPU
		{B5751EBB-15CD-48CD-B84C-0E7E59892CA3}.Debug|Any CPU.Build.0 = Debug|Any CPU
		{B5751EBB-15CD-48CD-B84C-0E7E59892CA3}.Release|Any CPU.ActiveCfg = Release|Any CPU
		{B5751EBB-15CD-48CD-B84C-0E7E59892CA3}.Release|Any CPU.Build.0 = Release|Any CPU
		{5C2CBC92-34B0-4EBE-B635-F5C6C236F22E}.Debug|Any CPU.ActiveCfg = Debug|Any CPU
		{5C2CBC92-34B0-4EBE-B635-F5C6C236F22E}.Debug|Any CPU.Build.0 = Debug|Any CPU
		{5C2CBC92-34B0-4EBE-B635-F5C6C236F22E}.Release|Any CPU.ActiveCfg = Release|Any CPU
		{5C2CBC92-34B0-4EBE-B635-F5C6C236F22E}.Release|Any CPU.Build.0 = Release|Any CPU
	EndGlobalSection
	GlobalSection(SolutionProperties) = preSolution
		HideSolutionNode = FALSE
	EndGlobalSection
	GlobalSection(ExtensibilityGlobals) = postSolution
		SolutionGuid = {04BE1D27-7921-4B6E-9B93-6B58CE4FC694}
	EndGlobalSection
EndGlobal
